
Microsoft Visual Studio Solution File, Format Version 12.00
# Visual Studio Version 17
VisualStudioVersion = 17.5.002.0
MinimumVisualStudioVersion = 10.0.40219.1
Project("{9A19103F-16F7-4668-BE54-9A1E7A4F7556}") = "feverstonewilds", "feverstonewilds.csproj", "{D8DF4AB4-6360-49C0-A1A2-07CDFBDBE272}"
EndProject
Project("{9A19103F-16F7-4668-BE54-9A1E7A4F7556}") = "CakeBuild", "CakeBuild\CakeBuild.csproj", "{C556FB42-309F-47E8-AC93-D33074C7B601}"
EndProject
Global
	GlobalSection(SolutionConfigurationPlatforms) = preSolution
		Debug|Any CPU = Debug|Any CPU
		Release|Any CPU = Release|Any CPU
	EndGlobalSection
	GlobalSection(ProjectConfigurationPlatforms) = postSolution
		{D8DF4AB4-6360-49C0-A1A2-07CDFBDBE272}.Debug|Any CPU.ActiveCfg = Debug|Any CPU
		{D8DF4AB4-6360-49C0-A1A2-07CDFBDBE272}.Debug|Any CPU.Build.0 = Debug|Any CPU
		{D8DF4AB4-6360-49C0-A1A2-07CDFBDBE272}.Release|Any CPU.ActiveCfg = Release|Any CPU
		{D8DF4AB4-6360-49C0-A1A2-07CDFBDBE272}.Release|Any CPU.Build.0 = Release|Any CPU
		{C556FB42-309F-47E8-AC93-D33074C7B601}.Debug|Any CPU.ActiveCfg = Debug|Any CPU
		{C556FB42-309F-47E8-AC93-D33074C7B601}.Debug|Any CPU.Build.0 = Debug|Any CPU
		{C556FB42-309F-47E8-AC93-D33074C7B601}.Release|Any CPU.ActiveCfg = Release|Any CPU
		{C556FB42-309F-47E8-AC93-D33074C7B601}.Release|Any CPU.Build.0 = Release|Any CPU
	EndGlobalSection
	GlobalSection(SolutionProperties) = preSolution
		HideSolutionNode = FALSE
	EndGlobalSection
	GlobalSection(ExtensibilityGlobals) = postSolution
		SolutionGuid = {04629E34-F438-429C-82D0-901FD6DC12C7}
	EndGlobalSection
EndGlobal
